
Microsoft Visual Studio Solution File, Format Version 12.00
# Visual Studio Version 17
VisualStudioVersion = 17.0.32014.148
MinimumVisualStudioVersion = 10.0.40219.1
Project("{FAE04EC0-301F-11D3-BF4B-00C04F79EFBC}") = "Hippodrome", "Hippodrome\Hippodrome.csproj", "{795D5D09-366B-4A01-B6A1-F348590815BA}"
EndProject
Global
	GlobalSection(SolutionConfigurationPlatforms) = preSolution
		Debug|Any CPU = Debug|Any CPU
		Release|Any CPU = Release|Any CPU
	EndGlobalSection
	GlobalSection(ProjectConfigurationPlatforms) = postSolution
		{795D5D09-366B-4A01-B6A1-F348590815BA}.Debug|Any CPU.ActiveCfg = Debug|Any CPU
		{795D5D09-366B-4A01-B6A1-F348590815BA}.Debug|Any CPU.Build.0 = Debug|Any CPU
		{795D5D09-366B-4A01-B6A1-F348590815BA}.Release|Any CPU.ActiveCfg = Release|Any CPU
		{795D5D09-366B-4A01-B6A1-F348590815BA}.Release|Any CPU.Build.0 = Release|Any CPU
	EndGlobalSection
	GlobalSection(SolutionProperties) = preSolution
		HideSolutionNode = FALSE
	EndGlobalSection
	GlobalSection(ExtensibilityGlobals) = postSolution
		SolutionGuid = {6B28641F-C29E-49EB-BAE6-E784D352416E}
	EndGlobalSection
EndGlobal
